// !$*UTF8*$!
{
	archiveVersion = 1;
	classes = {
	};
	objectVersion = 56;
	objects = {

/* Begin PBXBuildFile section */
		480A60942ADD716A00692233 /* LoginViewModel.swift in Sources */ = {isa = PBXBuildFile; fileRef = 480A60932ADD716A00692233 /* LoginViewModel.swift */; };
		480A60962ADD72C200692233 /* User Model.swift in Sources */ = {isa = PBXBuildFile; fileRef = 480A60952ADD72C200692233 /* User Model.swift */; };
		480A60982ADE998400692233 /* Alert.swift in Sources */ = {isa = PBXBuildFile; fileRef = 480A60972ADE998400692233 /* Alert.swift */; };
		48414D6B2ACF6939006D7815 /* Amazon_localApp.swift in Sources */ = {isa = PBXBuildFile; fileRef = 48414D6A2ACF6939006D7815 /* Amazon_localApp.swift */; };
		48414D6D2ACF6939006D7815 /* LoginView.swift in Sources */ = {isa = PBXBuildFile; fileRef = 48414D6C2ACF6939006D7815 /* LoginView.swift */; };
		48414D6F2ACF693B006D7815 /* Assets.xcassets in Resources */ = {isa = PBXBuildFile; fileRef = 48414D6E2ACF693B006D7815 /* Assets.xcassets */; };
		48414D722ACF693B006D7815 /* Preview Assets.xcassets in Resources */ = {isa = PBXBuildFile; fileRef = 48414D712ACF693B006D7815 /* Preview Assets.xcassets */; };
		48414D7C2ACF693B006D7815 /* Amazon_localTests.swift in Sources */ = {isa = PBXBuildFile; fileRef = 48414D7B2ACF693B006D7815 /* Amazon_localTests.swift */; };
		48414D862ACF693B006D7815 /* Amazon_localUITests.swift in Sources */ = {isa = PBXBuildFile; fileRef = 48414D852ACF693B006D7815 /* Amazon_localUITests.swift */; };
		48414D882ACF693B006D7815 /* Amazon_localUITestsLaunchTests.swift in Sources */ = {isa = PBXBuildFile; fileRef = 48414D872ACF693B006D7815 /* Amazon_localUITestsLaunchTests.swift */; };
/* End PBXBuildFile section */

/* Begin PBXContainerItemProxy section */
		48414D782ACF693B006D7815 /* PBXContainerItemProxy */ = {
			isa = PBXContainerItemProxy;
			containerPortal = 48414D5F2ACF6939006D7815 /* Project object */;
			proxyType = 1;
			remoteGlobalIDString = 48414D662ACF6939006D7815;
			remoteInfo = "Amazon local";
		};
		48414D822ACF693B006D7815 /* PBXContainerItemProxy */ = {
			isa = PBXContainerItemProxy;
			containerPortal = 48414D5F2ACF6939006D7815 /* Project object */;
			proxyType = 1;
			remoteGlobalIDString = 48414D662ACF6939006D7815;
			remoteInfo = "Amazon local";
		};
/* End PBXContainerItemProxy section */

/* Begin PBXFileReference section */
		480A60932ADD716A00692233 /* LoginViewModel.swift */ = {isa = PBXFileReference; lastKnownFileType = sourcecode.swift; path = LoginViewModel.swift; sourceTree = "<group>"; };
		480A60952ADD72C200692233 /* User Model.swift */ = {isa = PBXFileReference; lastKnownFileType = sourcecode.swift; path = "User Model.swift"; sourceTree = "<group>"; };
		480A60972ADE998400692233 /* Alert.swift */ = {isa = PBXFileReference; lastKnownFileType = sourcecode.swift; path = Alert.swift; sourceTree = "<group>"; };
		48414D672ACF6939006D7815 /* Amazon local.app */ = {isa = PBXFileReference; explicitFileType = wrapper.application; includeInIndex = 0; path = "Amazon local.app"; sourceTree = BUILT_PRODUCTS_DIR; };
		48414D6A2ACF6939006D7815 /* Amazon_localApp.swift */ = {isa = PBXFileReference; lastKnownFileType = sourcecode.swift; path = Amazon_localApp.swift; sourceTree = "<group>"; };
		48414D6C2ACF6939006D7815 /* LoginView.swift */ = {isa = PBXFileReference; lastKnownFileType = sourcecode.swift; path = LoginView.swift; sourceTree = "<group>"; };
		48414D6E2ACF693B006D7815 /* Assets.xcassets */ = {isa = PBXFileReference; lastKnownFileType = folder.assetcatalog; path = Assets.xcassets; sourceTree = "<group>"; };
		48414D712ACF693B006D7815 /* Preview Assets.xcassets */ = {isa = PBXFileReference; lastKnownFileType = folder.assetcatalog; path = "Preview Assets.xcassets"; sourceTree = "<group>"; };
		48414D772ACF693B006D7815 /* Amazon localTests.xctest */ = {isa = PBXFileReference; explicitFileType = wrapper.cfbundle; includeInIndex = 0; path = "Amazon localTests.xctest"; sourceTree = BUILT_PRODUCTS_DIR; };
		48414D7B2ACF693B006D7815 /* Amazon_localTests.swift */ = {isa = PBXFileReference; lastKnownFileType = sourcecode.swift; path = Amazon_localTests.swift; sourceTree = "<group>"; };
		48414D812ACF693B006D7815 /* Amazon localUITests.xctest */ = {isa = PBXFileReference; explicitFileType = wrapper.cfbundle; includeInIndex = 0; path = "Amazon localUITests.xctest"; sourceTree = BUILT_PRODUCTS_DIR; };
		48414D852ACF693B006D7815 /* Amazon_localUITests.swift */ = {isa = PBXFileReference; lastKnownFileType = sourcecode.swift; path = Amazon_localUITests.swift; sourceTree = "<group>"; };
		48414D872ACF693B006D7815 /* Amazon_localUITestsLaunchTests.swift */ = {isa = PBXFileReference; lastKnownFileType = sourcecode.swift; path = Amazon_localUITestsLaunchTests.swift; sourceTree = "<group>"; };
/* End PBXFileReference section */

/* Begin PBXFrameworksBuildPhase section */
		48414D642ACF6939006D7815 /* Frameworks */ = {
			isa = PBXFrameworksBuildPhase;
			buildActionMask = 2147483647;
			files = (
			);
			runOnlyForDeploymentPostprocessing = 0;
		};
		48414D742ACF693B006D7815 /* Frameworks */ = {
			isa = PBXFrameworksBuildPhase;
			buildActionMask = 2147483647;
			files = (
			);
			runOnlyForDeploymentPostprocessing = 0;
		};
		48414D7E2ACF693B006D7815 /* Frameworks */ = {
			isa = PBXFrameworksBuildPhase;
			buildActionMask = 2147483647;
			files = (
			);
			runOnlyForDeploymentPostprocessing = 0;
		};
/* End PBXFrameworksBuildPhase section */

/* Begin PBXGroup section */
		480A60992ADED75800692233 /* Loging */ = {
			isa = PBXGroup;
			children = (
				48414D6C2ACF6939006D7815 /* LoginView.swift */,
				480A60932ADD716A00692233 /* LoginViewModel.swift */,
			);
			path = Loging;
			sourceTree = "<group>";
		};
		48414D5E2ACF6939006D7815 = {
			isa = PBXGroup;
			children = (
				48414D692ACF6939006D7815 /* Amazon local */,
				48414D7A2ACF693B006D7815 /* Amazon localTests */,
				48414D842ACF693B006D7815 /* Amazon localUITests */,
				48414D682ACF6939006D7815 /* Products */,
			);
			sourceTree = "<group>";
		};
		48414D682ACF6939006D7815 /* Products */ = {
			isa = PBXGroup;
			children = (
				48414D672ACF6939006D7815 /* Amazon local.app */,
				48414D772ACF693B006D7815 /* Amazon localTests.xctest */,
				48414D812ACF693B006D7815 /* Amazon localUITests.xctest */,
			);
			name = Products;
			sourceTree = "<group>";
		};
		48414D692ACF6939006D7815 /* Amazon local */ = {
			isa = PBXGroup;
			children = (
				48414D6A2ACF6939006D7815 /* Amazon_localApp.swift */,
				48414D6E2ACF693B006D7815 /* Assets.xcassets */,
				480A60992ADED75800692233 /* Loging */,
				48414D702ACF693B006D7815 /* Preview Content */,
				480A60952ADD72C200692233 /* User Model.swift */,
				480A60972ADE998400692233 /* Alert.swift */,
			);
			path = "Amazon local";
			sourceTree = "<group>";
		};
		48414D702ACF693B006D7815 /* Preview Content */ = {
			isa = PBXGroup;
			children = (
				48414D712ACF693B006D7815 /* Preview Assets.xcassets */,
			);
			path = "Preview Content";
			sourceTree = "<group>";
		};
		48414D7A2ACF693B006D7815 /* Amazon localTests */ = {
			isa = PBXGroup;
			children = (
				48414D7B2ACF693B006D7815 /* Amazon_localTests.swift */,
			);
			path = "Amazon localTests";
			sourceTree = "<group>";
		};
		48414D842ACF693B006D7815 /* Amazon localUITests */ = {
			isa = PBXGroup;
			children = (
				48414D852ACF693B006D7815 /* Amazon_localUITests.swift */,
				48414D872ACF693B006D7815 /* Amazon_localUITestsLaunchTests.swift */,
			);
			path = "Amazon localUITests";
			sourceTree = "<group>";
		};
/* End PBXGroup section */

/* Begin PBXNativeTarget section */
		48414D662ACF6939006D7815 /* Amazon local */ = {
			isa = PBXNativeTarget;
			buildConfigurationList = 48414D8B2ACF693B006D7815 /* Build configuration list for PBXNativeTarget "Amazon local" */;
			buildPhases = (
				48414D632ACF6939006D7815 /* Sources */,
				48414D642ACF6939006D7815 /* Frameworks */,
				48414D652ACF6939006D7815 /* Resources */,
			);
			buildRules = (
			);
			dependencies = (
			);
			name = "Amazon local";
			productName = "Amazon local";
			productReference = 48414D672ACF6939006D7815 /* Amazon local.app */;
			productType = "com.apple.product-type.application";
		};
		48414D762ACF693B006D7815 /* Amazon localTests */ = {
			isa = PBXNativeTarget;
			buildConfigurationList = 48414D8E2ACF693B006D7815 /* Build configuration list for PBXNativeTarget "Amazon localTests" */;
			buildPhases = (
				48414D732ACF693B006D7815 /* Sources */,
				48414D742ACF693B006D7815 /* Frameworks */,
				48414D752ACF693B006D7815 /* Resources */,
			);
			buildRules = (
			);
			dependencies = (
				48414D792ACF693B006D7815 /* PBXTargetDependency */,
			);
			name = "Amazon localTests";
			productName = "Amazon localTests";
			productReference = 48414D772ACF693B006D7815 /* Amazon localTests.xctest */;
			productType = "com.apple.product-type.bundle.unit-test";
		};
		48414D802ACF693B006D7815 /* Amazon localUITests */ = {
			isa = PBXNativeTarget;
			buildConfigurationList = 48414D912ACF693B006D7815 /* Build configuration list for PBXNativeTarget "Amazon localUITests" */;
			buildPhases = (
				48414D7D2ACF693B006D7815 /* Sources */,
				48414D7E2ACF693B006D7815 /* Frameworks */,
				48414D7F2ACF693B006D7815 /* Resources */,
			);
			buildRules = (
			);
			dependencies = (
				48414D832ACF693B006D7815 /* PBXTargetDependency */,
			);
			name = "Amazon localUITests";
			productName = "Amazon localUITests";
			productReference = 48414D812ACF693B006D7815 /* Amazon localUITests.xctest */;
			productType = "com.apple.product-type.bundle.ui-testing";
		};
/* End PBXNativeTarget section */

/* Begin PBXProject section */
		48414D5F2ACF6939006D7815 /* Project object */ = {
			isa = PBXProject;
			attributes = {
				BuildIndependentTargetsInParallel = 1;
				LastSwiftUpdateCheck = 1500;
				LastUpgradeCheck = 1500;
				TargetAttributes = {
					48414D662ACF6939006D7815 = {
						CreatedOnToolsVersion = 15.0;
					};
					48414D762ACF693B006D7815 = {
						CreatedOnToolsVersion = 15.0;
						TestTargetID = 48414D662ACF6939006D7815;
					};
					48414D802ACF693B006D7815 = {
						CreatedOnToolsVersion = 15.0;
						TestTargetID = 48414D662ACF6939006D7815;
					};
				};
			};
			buildConfigurationList = 48414D622ACF6939006D7815 /* Build configuration list for PBXProject "Amazon local" */;
			compatibilityVersion = "Xcode 14.0";
			developmentRegion = en;
			hasScannedForEncodings = 0;
			knownRegions = (
				en,
				Base,
			);
			mainGroup = 48414D5E2ACF6939006D7815;
			productRefGroup = 48414D682ACF6939006D7815 /* Products */;
			projectDirPath = "";
			projectRoot = "";
			targets = (
				48414D662ACF6939006D7815 /* Amazon local */,
				48414D762ACF693B006D7815 /* Amazon localTests */,
				48414D802ACF693B006D7815 /* Amazon localUITests */,
			);
		};
/* End PBXProject section */

/* Begin PBXResourcesBuildPhase section */
		48414D652ACF6939006D7815 /* Resources */ = {
			isa = PBXResourcesBuildPhase;
			buildActionMask = 2147483647;
			files = (
				48414D722ACF693B006D7815 /* Preview Assets.xcassets in Resources */,
				48414D6F2ACF693B006D7815 /* Assets.xcassets in Resources */,
			);
			runOnlyForDeploymentPostprocessing = 0;
		};
		48414D752ACF693B006D7815 /* Resources */ = {
			isa = PBXResourcesBuildPhase;
			buildActionMask = 2147483647;
			files = (
			);
			runOnlyForDeploymentPostprocessing = 0;
		};
		48414D7F2ACF693B006D7815 /* Resources */ = {
			isa = PBXResourcesBuildPhase;
			buildActionMask = 2147483647;
			files = (
			);
			runOnlyForDeploymentPostprocessing = 0;
		};
/* End PBXResourcesBuildPhase section */

/* Begin PBXSourcesBuildPhase section */
		48414D632ACF6939006D7815 /* Sources */ = {
			isa = PBXSourcesBuildPhase;
			buildActionMask = 2147483647;
			files = (
				48414D6D2ACF6939006D7815 /* LoginView.swift in Sources */,
				48414D6B2ACF6939006D7815 /* Amazon_localApp.swift in Sources */,
				480A60942ADD716A00692233 /* LoginViewModel.swift in Sources */,
				480A60982ADE998400692233 /* Alert.swift in Sources */,
				480A60962ADD72C200692233 /* User Model.swift in Sources */,
			);
			runOnlyForDeploymentPostprocessing = 0;
		};
		48414D732ACF693B006D7815 /* Sources */ = {
			isa = PBXSourcesBuildPhase;
			buildActionMask = 2147483647;
			files = (
				48414D7C2ACF693B006D7815 /* Amazon_localTests.swift in Sources */,
			);
			runOnlyForDeploymentPostprocessing = 0;
		};
		48414D7D2ACF693B006D7815 /* Sources */ = {
			isa = PBXSourcesBuildPhase;
			buildActionMask = 2147483647;
			files = (
				48414D882ACF693B006D7815 /* Amazon_localUITestsLaunchTests.swift in Sources */,
				48414D862ACF693B006D7815 /* Amazon_localUITests.swift in Sources */,
			);
			runOnlyForDeploymentPostprocessing = 0;
		};
/* End PBXSourcesBuildPhase section */

/* Begin PBXTargetDependency section */
		48414D792ACF693B006D7815 /* PBXTargetDependency */ = {
			isa = PBXTargetDependency;
			target = 48414D662ACF6939006D7815 /* Amazon local */;
			targetProxy = 48414D782ACF693B006D7815 /* PBXContainerItemProxy */;
		};
		48414D832ACF693B006D7815 /* PBXTargetDependency */ = {
			isa = PBXTargetDependency;
			target = 48414D662ACF6939006D7815 /* Amazon local */;
			targetProxy = 48414D822ACF693B006D7815 /* PBXContainerItemProxy */;
		};
/* End PBXTargetDependency section */

/* Begin XCBuildConfiguration section */
		48414D892ACF693B006D7815 /* Debug */ = {
			isa = XCBuildConfiguration;
			buildSettings = {
				ALWAYS_SEARCH_USER_PATHS = NO;
				ASSETCATALOG_COMPILER_GENERATE_SWIFT_ASSET_SYMBOL_EXTENSIONS = YES;
				CLANG_ANALYZER_NONNULL = YES;
				CLANG_ANALYZER_NUMBER_OBJECT_CONVERSION = YES_AGGRESSIVE;
				CLANG_CXX_LANGUAGE_STANDARD = "gnu++20";
				CLANG_ENABLE_MODULES = YES;
				CLANG_ENABLE_OBJC_ARC = YES;
				CLANG_ENABLE_OBJC_WEAK = YES;
				CLANG_WARN_BLOCK_CAPTURE_AUTORELEASING = YES;
				CLANG_WARN_BOOL_CONVERSION = YES;
				CLANG_WARN_COMMA = YES;
				CLANG_WARN_CONSTANT_CONVERSION = YES;
				CLANG_WARN_DEPRECATED_OBJC_IMPLEMENTATIONS = YES;
				CLANG_WARN_DIRECT_OBJC_ISA_USAGE = YES_ERROR;
				CLANG_WARN_DOCUMENTATION_COMMENTS = YES;
				CLANG_WARN_EMPTY_BODY = YES;
				CLANG_WARN_ENUM_CONVERSION = YES;
				CLANG_WARN_INFINITE_RECURSION = YES;
				CLANG_WARN_INT_CONVERSION = YES;
				CLANG_WARN_NON_LITERAL_NULL_CONVERSION = YES;
				CLANG_WARN_OBJC_IMPLICIT_RETAIN_SELF = YES;
				CLANG_WARN_OBJC_LITERAL_CONVERSION = YES;
				CLANG_WARN_OBJC_ROOT_CLASS = YES_ERROR;
				CLANG_WARN_QUOTED_INCLUDE_IN_FRAMEWORK_HEADER = YES;
				CLANG_WARN_RANGE_LOOP_ANALYSIS = YES;
				CLANG_WARN_STRICT_PROTOTYPES = YES;
				CLANG_WARN_SUSPICIOUS_MOVE = YES;
				CLANG_WARN_UNGUARDED_AVAILABILITY = YES_AGGRESSIVE;
				CLANG_WARN_UNREACHABLE_CODE = YES;
				CLANG_WARN__DUPLICATE_METHOD_MATCH = YES;
				COPY_PHASE_STRIP = NO;
				DEBUG_INFORMATION_FORMAT = dwarf;
				ENABLE_STRICT_OBJC_MSGSEND = YES;
				ENABLE_TESTABILITY = YES;
				ENABLE_USER_SCRIPT_SANDBOXING = YES;
				GCC_C_LANGUAGE_STANDARD = gnu17;
				GCC_DYNAMIC_NO_PIC = NO;
				GCC_NO_COMMON_BLOCKS = YES;
				GCC_OPTIMIZATION_LEVEL = 0;
				GCC_PREPROCESSOR_DEFINITIONS = (
					"DEBUG=1",
					"$(inherited)",
				);
				GCC_WARN_64_TO_32_BIT_CONVERSION = YES;
				GCC_WARN_ABOUT_RETURN_TYPE = YES_ERROR;
				GCC_WARN_UNDECLARED_SELECTOR = YES;
				GCC_WARN_UNINITIALIZED_AUTOS = YES_AGGRESSIVE;
				GCC_WARN_UNUSED_FUNCTION = YES;
				GCC_WARN_UNUSED_VARIABLE = YES;
				IPHONEOS_DEPLOYMENT_TARGET = 17.0;
				LOCALIZATION_PREFERS_STRING_CATALOGS = YES;
				MTL_ENABLE_DEBUG_INFO = INCLUDE_SOURCE;
				MTL_FAST_MATH = YES;
				ONLY_ACTIVE_ARCH = YES;
				SDKROOT = iphoneos;
				SWIFT_ACTIVE_COMPILATION_CONDITIONS = "DEBUG $(inherited)";
				SWIFT_OPTIMIZATION_LEVEL = "-Onone";
			};
			name = Debug;
		};
		48414D8A2ACF693B006D7815 /* Release */ = {
			isa = XCBuildConfiguration;
			buildSettings = {
				ALWAYS_SEARCH_USER_PATHS = NO;
				ASSETCATALOG_COMPILER_GENERATE_SWIFT_ASSET_SYMBOL_EXTENSIONS = YES;
				CLANG_ANALYZER_NONNULL = YES;
				CLANG_ANALYZER_NUMBER_OBJECT_CONVERSION = YES_AGGRESSIVE;
				CLANG_CXX_LANGUAGE_STANDARD = "gnu++20";
				CLANG_ENABLE_MODULES = YES;
				CLANG_ENABLE_OBJC_ARC = YES;
				CLANG_ENABLE_OBJC_WEAK = YES;
				CLANG_WARN_BLOCK_CAPTURE_AUTORELEASING = YES;
				CLANG_WARN_BOOL_CONVERSION = YES;
				CLANG_WARN_COMMA = YES;
				CLANG_WARN_CONSTANT_CONVERSION = YES;
				CLANG_WARN_DEPRECATED_OBJC_IMPLEMENTATIONS = YES;
				CLANG_WARN_DIRECT_OBJC_ISA_USAGE = YES_ERROR;
				CLANG_WARN_DOCUMENTATION_COMMENTS = YES;
				CLANG_WARN_EMPTY_BODY = YES;
				CLANG_WARN_ENUM_CONVERSION = YES;
				CLANG_WARN_INFINITE_RECURSION = YES;
				CLANG_WARN_INT_CONVERSION = YES;
				CLANG_WARN_NON_LITERAL_NULL_CONVERSION = YES;
				CLANG_WARN_OBJC_IMPLICIT_RETAIN_SELF = YES;
				CLANG_WARN_OBJC_LITERAL_CONVERSION = YES;
				CLANG_WARN_OBJC_ROOT_CLASS = YES_ERROR;
				CLANG_WARN_QUOTED_INCLUDE_IN_FRAMEWORK_HEADER = YES;
				CLANG_WARN_RANGE_LOOP_ANALYSIS = YES;
				CLANG_WARN_STRICT_PROTOTYPES = YES;
				CLANG_WARN_SUSPICIOUS_MOVE = YES;
				CLANG_WARN_UNGUARDED_AVAILABILITY = YES_AGGRESSIVE;
				CLANG_WARN_UNREACHABLE_CODE = YES;
				CLANG_WARN__DUPLICATE_METHOD_MATCH = YES;
				COPY_PHASE_STRIP = NO;
				DEBUG_INFORMATION_FORMAT = "dwarf-with-dsym";
				ENABLE_NS_ASSERTIONS = NO;
				ENABLE_STRICT_OBJC_MSGSEND = YES;
				ENABLE_USER_SCRIPT_SANDBOXING = YES;
				GCC_C_LANGUAGE_STANDARD = gnu17;
				GCC_NO_COMMON_BLOCKS = YES;
				GCC_WARN_64_TO_32_BIT_CONVERSION = YES;
				GCC_WARN_ABOUT_RETURN_TYPE = YES_ERROR;
				GCC_WARN_UNDECLARED_SELECTOR = YES;
				GCC_WARN_UNINITIALIZED_AUTOS = YES_AGGRESSIVE;
				GCC_WARN_UNUSED_FUNCTION = YES;
				GCC_WARN_UNUSED_VARIABLE = YES;
				IPHONEOS_DEPLOYMENT_TARGET = 17.0;
				LOCALIZATION_PREFERS_STRING_CATALOGS = YES;
				MTL_ENABLE_DEBUG_INFO = NO;
				MTL_FAST_MATH = YES;
				SDKROOT = iphoneos;
				SWIFT_COMPILATION_MODE = wholemodule;
				VALIDATE_PRODUCT = YES;
			};
			name = Release;
		};
		48414D8C2ACF693B006D7815 /* Debug */ = {
			isa = XCBuildConfiguration;
			buildSettings = {
				ASSETCATALOG_COMPILER_APPICON_NAME = AppIcon;
				ASSETCATALOG_COMPILER_GLOBAL_ACCENT_COLOR_NAME = AccentColor;
				CODE_SIGN_STYLE = Automatic;
				CURRENT_PROJECT_VERSION = 1;
				DEVELOPMENT_ASSET_PATHS = "\"Amazon local/Preview Content\"";
				DEVELOPMENT_TEAM = V895SM7VF4;
				ENABLE_PREVIEWS = YES;
				GENERATE_INFOPLIST_FILE = YES;
				INFOPLIST_KEY_UIApplicationSceneManifest_Generation = YES;
				INFOPLIST_KEY_UIApplicationSupportsIndirectInputEvents = YES;
				INFOPLIST_KEY_UILaunchScreen_Generation = YES;
				INFOPLIST_KEY_UISupportedInterfaceOrientations_iPad = "UIInterfaceOrientationPortrait UIInterfaceOrientationPortraitUpsideDown UIInterfaceOrientationLandscapeLeft UIInterfaceOrientationLandscapeRight";
				INFOPLIST_KEY_UISupportedInterfaceOrientations_iPhone = "UIInterfaceOrientationPortrait UIInterfaceOrientationLandscapeLeft UIInterfaceOrientationLandscapeRight";
				IPHONEOS_DEPLOYMENT_TARGET = 17.0;
				LD_RUNPATH_SEARCH_PATHS = (
					"$(inherited)",
					"@executable_path/Frameworks",
				);
				MARKETING_VERSION = 1.0;
				PRODUCT_BUNDLE_IDENTIFIER = "osasuSB.Amazon-local";
				PRODUCT_NAME = "$(TARGET_NAME)";
				SWIFT_EMIT_LOC_STRINGS = YES;
				SWIFT_VERSION = 5.0;
				TARGETED_DEVICE_FAMILY = "1,2";
			};
			name = Debug;
		};
		48414D8D2ACF693B006D7815 /* Release */ = {
			isa = XCBuildConfiguration;
			buildSettings = {
				ASSETCATALOG_COMPILER_APPICON_NAME = AppIcon;
				ASSETCATALOG_COMPILER_GLOBAL_ACCENT_COLOR_NAME = AccentColor;
				CODE_SIGN_STYLE = Automatic;
				CURRENT_PROJECT_VERSION = 1;
				DEVELOPMENT_ASSET_PATHS = "\"Amazon local/Preview Content\"";
				DEVELOPMENT_TEAM = V895SM7VF4;
				ENABLE_PREVIEWS = YES;
				GENERATE_INFOPLIST_FILE = YES;
				INFOPLIST_KEY_UIApplicationSceneManifest_Generation = YES;
				INFOPLIST_KEY_UIApplicationSupportsIndirectInputEvents = YES;
				INFOPLIST_KEY_UILaunchScreen_Generation = YES;
				INFOPLIST_KEY_UISupportedInterfaceOrientations_iPad = "UIInterfaceOrientationPortrait UIInterfaceOrientationPortraitUpsideDown UIInterfaceOrientationLandscapeLeft UIInterfaceOrientationLandscapeRight";
				INFOPLIST_KEY_UISupportedInterfaceOrientations_iPhone = "UIInterfaceOrientationPortrait UIInterfaceOrientationLandscapeLeft UIInterfaceOrientationLandscapeRight";
				IPHONEOS_DEPLOYMENT_TARGET = 17.0;
				LD_RUNPATH_SEARCH_PATHS = (
					"$(inherited)",
					"@executable_path/Frameworks",
				);
				MARKETING_VERSION = 1.0;
				PRODUCT_BUNDLE_IDENTIFIER = "osasuSB.Amazon-local";
				PRODUCT_NAME = "$(TARGET_NAME)";
				SWIFT_EMIT_LOC_STRINGS = YES;
				SWIFT_VERSION = 5.0;
				TARGETED_DEVICE_FAMILY = "1,2";
			};
			name = Release;
		};
		48414D8F2ACF693B006D7815 /* Debug */ = {
			isa = XCBuildConfiguration;
			buildSettings = {
				ALWAYS_EMBED_SWIFT_STANDARD_LIBRARIES = YES;
				BUNDLE_LOADER = "$(TEST_HOST)";
				CODE_SIGN_STYLE = Automatic;
				CURRENT_PROJECT_VERSION = 1;
				DEVELOPMENT_TEAM = V895SM7VF4;
				GENERATE_INFOPLIST_FILE = YES;
				IPHONEOS_DEPLOYMENT_TARGET = 17.0;
				MARKETING_VERSION = 1.0;
				PRODUCT_BUNDLE_IDENTIFIER = "osasuSB.Amazon-localTests";
				PRODUCT_NAME = "$(TARGET_NAME)";
				SWIFT_EMIT_LOC_STRINGS = NO;
				SWIFT_VERSION = 5.0;
				TARGETED_DEVICE_FAMILY = "1,2";
				TEST_HOST = "$(BUILT_PRODUCTS_DIR)/Amazon local.app/$(BUNDLE_EXECUTABLE_FOLDER_PATH)/Amazon local";
			};
			name = Debug;
		};
		48414D902ACF693B006D7815 /* Release */ = {
			isa = XCBuildConfiguration;
			buildSettings = {
				ALWAYS_EMBED_SWIFT_STANDARD_LIBRARIES = YES;
				BUNDLE_LOADER = "$(TEST_HOST)";
				CODE_SIGN_STYLE = Automatic;
				CURRENT_PROJECT_VERSION = 1;
				DEVELOPMENT_TEAM = V895SM7VF4;
				GENERATE_INFOPLIST_FILE = YES;
				IPHONEOS_DEPLOYMENT_TARGET = 17.0;
				MARKETING_VERSION = 1.0;
				PRODUCT_BUNDLE_IDENTIFIER = "osasuSB.Amazon-localTests";
				PRODUCT_NAME = "$(TARGET_NAME)";
				SWIFT_EMIT_LOC_STRINGS = NO;
				SWIFT_VERSION = 5.0;
				TARGETED_DEVICE_FAMILY = "1,2";
				TEST_HOST = "$(BUILT_PRODUCTS_DIR)/Amazon local.app/$(BUNDLE_EXECUTABLE_FOLDER_PATH)/Amazon local";
			};
			name = Release;
		};
		48414D922ACF693B006D7815 /* Debug */ = {
			isa = XCBuildConfiguration;
			buildSettings = {
				ALWAYS_EMBED_SWIFT_STANDARD_LIBRARIES = YES;
				CODE_SIGN_STYLE = Automatic;
				CURRENT_PROJECT_VERSION = 1;
				DEVELOPMENT_TEAM = V895SM7VF4;
				GENERATE_INFOPLIST_FILE = YES;
				MARKETING_VERSION = 1.0;
				PRODUCT_BUNDLE_IDENTIFIER = "osasuSB.Amazon-localUITests";
				PRODUCT_NAME = "$(TARGET_NAME)";
				SWIFT_EMIT_LOC_STRINGS = NO;
				SWIFT_VERSION = 5.0;
				TARGETED_DEVICE_FAMILY = "1,2";
				TEST_TARGET_NAME = "Amazon local";
			};
			name = Debug;
		};
		48414D932ACF693B006D7815 /* Release */ = {
			isa = XCBuildConfiguration;
			buildSettings = {
				ALWAYS_EMBED_SWIFT_STANDARD_LIBRARIES = YES;
				CODE_SIGN_STYLE = Automatic;
				CURRENT_PROJECT_VERSION = 1;
				DEVELOPMENT_TEAM = V895SM7VF4;
				GENERATE_INFOPLIST_FILE = YES;
				MARKETING_VERSION = 1.0;
				PRODUCT_BUNDLE_IDENTIFIER = "osasuSB.Amazon-localUITests";
				PRODUCT_NAME = "$(TARGET_NAME)";
				SWIFT_EMIT_LOC_STRINGS = NO;
				SWIFT_VERSION = 5.0;
				TARGETED_DEVICE_FAMILY = "1,2";
				TEST_TARGET_NAME = "Amazon local";
			};
			name = Release;
		};
/* End XCBuildConfiguration section */

/* Begin XCConfigurationList section */
		48414D622ACF6939006D7815 /* Build configuration list for PBXProject "Amazon local" */ = {
			isa = XCConfigurationList;
			buildConfigurations = (
				48414D892ACF693B006D7815 /* Debug */,
				48414D8A2ACF693B006D7815 /* Release */,
			);
			defaultConfigurationIsVisible = 0;
			defaultConfigurationName = Release;
		};
		48414D8B2ACF693B006D7815 /* Build configuration list for PBXNativeTarget "Amazon local" */ = {
			isa = XCConfigurationList;
			buildConfigurations = (
				48414D8C2ACF693B006D7815 /* Debug */,
				48414D8D2ACF693B006D7815 /* Release */,
			);
			defaultConfigurationIsVisible = 0;
			defaultConfigurationName = Release;
		};
		48414D8E2ACF693B006D7815 /* Build configuration list for PBXNativeTarget "Amazon localTests" */ = {
			isa = XCConfigurationList;
			buildConfigurations = (
				48414D8F2ACF693B006D7815 /* Debug */,
				48414D902ACF693B006D7815 /* Release */,
			);
			defaultConfigurationIsVisible = 0;
			defaultConfigurationName = Release;
		};
		48414D912ACF693B006D7815 /* Build configuration list for PBXNativeTarget "Amazon localUITests" */ = {
			isa = XCConfigurationList;
			buildConfigurations = (
				48414D922ACF693B006D7815 /* Debug */,
				48414D932ACF693B006D7815 /* Release */,
			);
			defaultConfigurationIsVisible = 0;
			defaultConfigurationName = Release;
		};
/* End XCConfigurationList section */
	};
	rootObject = 48414D5F2ACF6939006D7815 /* Project object */;
}
